
Microsoft Visual Studio Solution File, Format Version 12.00
# Visual Studio Version 16
VisualStudioVersion = 16.0.30104.148
MinimumVisualStudioVersion = 10.0.40219.1
Project("{FAE04EC0-301F-11D3-BF4B-00C04F79EFBC}") = "Exercicio01 - Precos", "Exercicio01 - Precos\Exercicio01 - Precos.csproj", "{05CE5F77-A2BE-4327-A70E-887BC438D936}"
EndProject
Global
	GlobalSection(SolutionConfigurationPlatforms) = preSolution
		Debug|Any CPU = Debug|Any CPU
		Release|Any CPU = Release|Any CPU
	EndGlobalSection
	GlobalSection(ProjectConfigurationPlatforms) = postSolution
		{05CE5F77-A2BE-4327-A70E-887BC438D936}.Debug|Any CPU.ActiveCfg = Debug|Any CPU
		{05CE5F77-A2BE-4327-A70E-887BC438D936}.Debug|Any CPU.Build.0 = Debug|Any CPU
		{05CE5F77-A2BE-4327-A70E-887BC438D936}.Release|Any CPU.ActiveCfg = Release|Any CPU
		{05CE5F77-A2BE-4327-A70E-887BC438D936}.Release|Any CPU.Build.0 = Release|Any CPU
	EndGlobalSection
	GlobalSection(SolutionProperties) = preSolution
		HideSolutionNode = FALSE
	EndGlobalSection
	GlobalSection(ExtensibilityGlobals) = postSolution
		SolutionGuid = {5F4D7A4F-F550-48A3-8F64-74B8E2A17C2E}
	EndGlobalSection
EndGlobal
